
Microsoft Visual Studio Solution File, Format Version 12.00
# Visual Studio 2013
VisualStudioVersion = 12.0.40629.0
MinimumVisualStudioVersion = 10.0.40219.1
Project("{2150E333-8FDC-42A3-9474-1A3956D46DE8}") = "01实体层", "01实体层", "{8CC5BAB6-D39C-4EB8-AF5E-54CDF592B00C}"
EndProject
Project("{2150E333-8FDC-42A3-9474-1A3956D46DE8}") = "02数据仓储层", "02数据仓储层", "{E55F4755-62BB-477E-85EC-61E18C40858A}"
EndProject
Project("{2150E333-8FDC-42A3-9474-1A3956D46DE8}") = "03业务逻辑层", "03业务逻辑层", "{426F0E2F-4F40-4D27-AD23-6CEBDD45E8B2}"
EndProject
Project("{2150E333-8FDC-42A3-9474-1A3956D46DE8}") = "04公共层", "04公共层", "{00305919-E38B-4527-A8C6-B530CABF7649}"
EndProject
Project("{2150E333-8FDC-42A3-9474-1A3956D46DE8}") = "05UI", "05UI", "{3816AEE2-AF09-4578-AABB-A351AF68C789}"
EndProject
Project("{FAE04EC0-301F-11D3-BF4B-00C04F79EFBC}") = "CRM.Model", "CRM.Model\CRM.Model.csproj", "{CE1C42DA-3085-4527-B860-36857899C1D4}"
EndProject
Project("{FAE04EC0-301F-11D3-BF4B-00C04F79EFBC}") = "CRM.Repository", "CRM.Repository\CRM.Repository.csproj", "{9EFC7FBB-5FEB-417C-A2BF-500B36D8FC63}"
EndProject
Project("{FAE04EC0-301F-11D3-BF4B-00C04F79EFBC}") = "CRM.IRepository", "CRM.IRepository\CRM.IRepository.csproj", "{E3E0EF16-02AA-4DD1-921C-2EADCB8B98E5}"
EndProject
Project("{FAE04EC0-301F-11D3-BF4B-00C04F79EFBC}") = "CRM.IServices", "CRM.IServices\CRM.IServices.csproj", "{A6694C60-94B4-40F9-93E4-4AD08CAEA55E}"
EndProject
Project("{FAE04EC0-301F-11D3-BF4B-00C04F79EFBC}") = "CRM.Services", "CRM.Services\CRM.Services.csproj", "{C323CA63-F209-402B-BE32-11B70BF5935E}"
EndProject
Project("{FAE04EC0-301F-11D3-BF4B-00C04F79EFBC}") = "CRM.Common", "CRM.Common\CRM.Common.csproj", "{612D08F8-19C3-42C1-8704-DD0A4530C735}"
EndProject
Project("{FAE04EC0-301F-11D3-BF4B-00C04F79EFBC}") = "CRM.EntityMapping", "CRM.EntityMapping\CRM.EntityMapping.csproj", "{31DE76B7-FD76-4C79-A792-519CDE37AC82}"
EndProject
Project("{FAE04EC0-301F-11D3-BF4B-00C04F79EFBC}") = "CRM.WebHelper", "CRM.WebHelper\CRM.WebHelper.csproj", "{6FBC21D6-B4C1-47D4-8A1D-E20174DA5399}"
EndProject
Project("{FAE04EC0-301F-11D3-BF4B-00C04F79EFBC}") = "CRM.Site", "CRM.Site\CRM.Site.csproj", "{C1E8C5E1-746D-4E2C-B17B-9652F1A977E3}"
EndProject
Global
	GlobalSection(SolutionConfigurationPlatforms) = preSolution
		Debug|Any CPU = Debug|Any CPU
		Release|Any CPU = Release|Any CPU
	EndGlobalSection
	GlobalSection(ProjectConfigurationPlatforms) = postSolution
		{CE1C42DA-3085-4527-B860-36857899C1D4}.Debug|Any CPU.ActiveCfg = Debug|Any CPU
		{CE1C42DA-3085-4527-B860-36857899C1D4}.Debug|Any CPU.Build.0 = Debug|Any CPU
		{CE1C42DA-3085-4527-B860-36857899C1D4}.Release|Any CPU.ActiveCfg = Release|Any CPU
		{CE1C42DA-3085-4527-B860-36857899C1D4}.Release|Any CPU.Build.0 = Release|Any CPU
		{9EFC7FBB-5FEB-417C-A2BF-500B36D8FC63}.Debug|Any CPU.ActiveCfg = Debug|Any CPU
		{9EFC7FBB-5FEB-417C-A2BF-500B36D8FC63}.Debug|Any CPU.Build.0 = Debug|Any CPU
		{9EFC7FBB-5FEB-417C-A2BF-500B36D8FC63}.Release|Any CPU.ActiveCfg = Release|Any CPU
		{9EFC7FBB-5FEB-417C-A2BF-500B36D8FC63}.Release|Any CPU.Build.0 = Release|Any CPU
		{E3E0EF16-02AA-4DD1-921C-2EADCB8B98E5}.Debug|Any CPU.ActiveCfg = Debug|Any CPU
		{E3E0EF16-02AA-4DD1-921C-2EADCB8B98E5}.Debug|Any CPU.Build.0 = Debug|Any CPU
		{E3E0EF16-02AA-4DD1-921C-2EADCB8B98E5}.Release|Any CPU.ActiveCfg = Release|Any CPU
		{E3E0EF16-02AA-4DD1-921C-2EADCB8B98E5}.Release|Any CPU.Build.0 = Release|Any CPU
		{A6694C60-94B4-40F9-93E4-4AD08CAEA55E}.Debug|Any CPU.ActiveCfg = Debug|Any CPU
		{A6694C60-94B4-40F9-93E4-4AD08CAEA55E}.Debug|Any CPU.Build.0 = Debug|Any CPU
		{A6694C60-94B4-40F9-93E4-4AD08CAEA55E}.Release|Any CPU.ActiveCfg = Release|Any CPU
		{A6694C60-94B4-40F9-93E4-4AD08CAEA55E}.Release|Any CPU.Build.0 = Release|Any CPU
		{C323CA63-F209-402B-BE32-11B70BF5935E}.Debug|Any CPU.ActiveCfg = Debug|Any CPU
		{C323CA63-F209-402B-BE32-11B70BF5935E}.Debug|Any CPU.Build.0 = Debug|Any CPU
		{C323CA63-F209-402B-BE32-11B70BF5935E}.Release|Any CPU.ActiveCfg = Release|Any CPU
		{C323CA63-F209-402B-BE32-11B70BF5935E}.Release|Any CPU.Build.0 = Release|Any CPU
		{612D08F8-19C3-42C1-8704-DD0A4530C735}.Debug|Any CPU.ActiveCfg = Debug|Any CPU
		{612D08F8-19C3-42C1-8704-DD0A4530C735}.Debug|Any CPU.Build.0 = Debug|Any CPU
		{612D08F8-19C3-42C1-8704-DD0A4530C735}.Release|Any CPU.ActiveCfg = Release|Any CPU
		{612D08F8-19C3-42C1-8704-DD0A4530C735}.Release|Any CPU.Build.0 = Release|Any CPU
		{31DE76B7-FD76-4C79-A792-519CDE37AC82}.Debug|Any CPU.ActiveCfg = Debug|Any CPU
		{31DE76B7-FD76-4C79-A792-519CDE37AC82}.Debug|Any CPU.Build.0 = Debug|Any CPU
		{31DE76B7-FD76-4C79-A792-519CDE37AC82}.Release|Any CPU.ActiveCfg = Release|Any CPU
		{31DE76B7-FD76-4C79-A792-519CDE37AC82}.Release|Any CPU.Build.0 = Release|Any CPU
		{6FBC21D6-B4C1-47D4-8A1D-E20174DA5399}.Debug|Any CPU.ActiveCfg = Debug|Any CPU
		{6FBC21D6-B4C1-47D4-8A1D-E20174DA5399}.Debug|Any CPU.Build.0 = Debug|Any CPU
		{6FBC21D6-B4C1-47D4-8A1D-E20174DA5399}.Release|Any CPU.ActiveCfg = Release|Any CPU
		{6FBC21D6-B4C1-47D4-8A1D-E20174DA5399}.Release|Any CPU.Build.0 = Release|Any CPU
		{C1E8C5E1-746D-4E2C-B17B-9652F1A977E3}.Debug|Any CPU.ActiveCfg = Debug|Any CPU
		{C1E8C5E1-746D-4E2C-B17B-9652F1A977E3}.Debug|Any CPU.Build.0 = Debug|Any CPU
		{C1E8C5E1-746D-4E2C-B17B-9652F1A977E3}.Release|Any CPU.ActiveCfg = Release|Any CPU
		{C1E8C5E1-746D-4E2C-B17B-9652F1A977E3}.Release|Any CPU.Build.0 = Release|Any CPU
	EndGlobalSection
	GlobalSection(SolutionProperties) = preSolution
		HideSolutionNode = FALSE
	EndGlobalSection
	GlobalSection(NestedProjects) = preSolution
		{CE1C42DA-3085-4527-B860-36857899C1D4} = {8CC5BAB6-D39C-4EB8-AF5E-54CDF592B00C}
		{9EFC7FBB-5FEB-417C-A2BF-500B36D8FC63} = {E55F4755-62BB-477E-85EC-61E18C40858A}
		{E3E0EF16-02AA-4DD1-921C-2EADCB8B98E5} = {E55F4755-62BB-477E-85EC-61E18C40858A}
		{A6694C60-94B4-40F9-93E4-4AD08CAEA55E} = {426F0E2F-4F40-4D27-AD23-6CEBDD45E8B2}
		{C323CA63-F209-402B-BE32-11B70BF5935E} = {426F0E2F-4F40-4D27-AD23-6CEBDD45E8B2}
		{612D08F8-19C3-42C1-8704-DD0A4530C735} = {00305919-E38B-4527-A8C6-B530CABF7649}
		{31DE76B7-FD76-4C79-A792-519CDE37AC82} = {00305919-E38B-4527-A8C6-B530CABF7649}
		{6FBC21D6-B4C1-47D4-8A1D-E20174DA5399} = {3816AEE2-AF09-4578-AABB-A351AF68C789}
		{C1E8C5E1-746D-4E2C-B17B-9652F1A977E3} = {3816AEE2-AF09-4578-AABB-A351AF68C789}
	EndGlobalSection
	GlobalSection(SubversionScc) = preSolution
		Svn-Managed = False
		Manager = AnkhSVN - Subversion Support for Visual Studio
	EndGlobalSection
EndGlobal
